
Microsoft Visual Studio Solution File, Format Version 12.00
# Visual Studio Version 16
VisualStudioVersion = 16.0.30523.141
MinimumVisualStudioVersion = 10.0.40219.1
Project("{F184B08F-C81C-45F6-A57F-5ABD9991F28F}") = "arkanoid", "arkanoid.vbproj", "{1B1DBEE7-6AFB-4DE6-9738-60EA180A69E0}"
EndProject
Global
	GlobalSection(SolutionConfigurationPlatforms) = preSolution
		Debug|Any CPU = Debug|Any CPU
		Release|Any CPU = Release|Any CPU
	EndGlobalSection
	GlobalSection(ProjectConfigurationPlatforms) = postSolution
		{1B1DBEE7-6AFB-4DE6-9738-60EA180A69E0}.Debug|Any CPU.ActiveCfg = Debug|Any CPU
		{1B1DBEE7-6AFB-4DE6-9738-60EA180A69E0}.Debug|Any CPU.Build.0 = Debug|Any CPU
		{1B1DBEE7-6AFB-4DE6-9738-60EA180A69E0}.Release|Any CPU.ActiveCfg = Release|Any CPU
		{1B1DBEE7-6AFB-4DE6-9738-60EA180A69E0}.Release|Any CPU.Build.0 = Release|Any CPU
	EndGlobalSection
	GlobalSection(SolutionProperties) = preSolution
		HideSolutionNode = FALSE
	EndGlobalSection
	GlobalSection(ExtensibilityGlobals) = postSolution
		SolutionGuid = {2173B914-CAD0-4EE2-8D00-11C216AB26B5}
	EndGlobalSection
EndGlobal
